
Microsoft Visual Studio Solution File, Format Version 12.00
# Visual Studio Version 17
VisualStudioVersion = 17.4.33103.184
MinimumVisualStudioVersion = 10.0.40219.1
Project("{FAE04EC0-301F-11D3-BF4B-00C04F79EFBC}") = "NZWalks.API", "NZWalks.API\NZWalks.API.csproj", "{29E01186-A700-4EAE-B047-4B36C831FB97}"
EndProject
Global
	GlobalSection(SolutionConfigurationPlatforms) = preSolution
		Debug|Any CPU = Debug|Any CPU
		Release|Any CPU = Release|Any CPU
	EndGlobalSection
	GlobalSection(ProjectConfigurationPlatforms) = postSolution
		{29E01186-A700-4EAE-B047-4B36C831FB97}.Debug|Any CPU.ActiveCfg = Debug|Any CPU
		{29E01186-A700-4EAE-B047-4B36C831FB97}.Debug|Any CPU.Build.0 = Debug|Any CPU
		{29E01186-A700-4EAE-B047-4B36C831FB97}.Release|Any CPU.ActiveCfg = Release|Any CPU
		{29E01186-A700-4EAE-B047-4B36C831FB97}.Release|Any CPU.Build.0 = Release|Any CPU
	EndGlobalSection
	GlobalSection(SolutionProperties) = preSolution
		HideSolutionNode = FALSE
	EndGlobalSection
	GlobalSection(ExtensibilityGlobals) = postSolution
		SolutionGuid = {91B886F2-7CEC-4218-8FDD-025705E9F31C}
	EndGlobalSection
EndGlobal
